
Microsoft Visual Studio Solution File, Format Version 12.00
# Visual Studio 14
VisualStudioVersion = 14.0.24720.0
MinimumVisualStudioVersion = 10.0.40219.1
Project("{FAE04EC0-301F-11D3-BF4B-00C04F79EFBC}") = "MySQLToolWeb", "MySQLToolWeb\MySQLToolWeb.csproj", "{DE14AF90-8F66-4AF2-B5C6-E28F345C4356}"
EndProject
Global
	GlobalSection(SolutionConfigurationPlatforms) = preSolution
		Debug|Any CPU = Debug|Any CPU
		Release|Any CPU = Release|Any CPU
	EndGlobalSection
	GlobalSection(ProjectConfigurationPlatforms) = postSolution
		{DE14AF90-8F66-4AF2-B5C6-E28F345C4356}.Debug|Any CPU.ActiveCfg = Debug|Any CPU
		{DE14AF90-8F66-4AF2-B5C6-E28F345C4356}.Debug|Any CPU.Build.0 = Debug|Any CPU
		{DE14AF90-8F66-4AF2-B5C6-E28F345C4356}.Release|Any CPU.ActiveCfg = Release|Any CPU
		{DE14AF90-8F66-4AF2-B5C6-E28F345C4356}.Release|Any CPU.Build.0 = Release|Any CPU
	EndGlobalSection
	GlobalSection(SolutionProperties) = preSolution
		HideSolutionNode = FALSE
	EndGlobalSection
EndGlobal
